
Microsoft Visual Studio Solution File, Format Version 12.00
# Visual Studio 2012
Project("{FAE04EC0-301F-11D3-BF4B-00C04F79EFBC}") = "TestProject", "TestProject\TestProject.csproj", "{C1708AF9-68A2-447B-81E4-8706361172CE}"
EndProject
Project("{FAE04EC0-301F-11D3-BF4B-00C04F79EFBC}") = "DAL", "DAL\DAL.csproj", "{D99D1DDA-8208-4F98-AB36-95A913FC315A}"
EndProject
Project("{FAE04EC0-301F-11D3-BF4B-00C04F79EFBC}") = "BLL", "BLL\BLL.csproj", "{645B9A20-F7C5-49DE-AC0D-B70B6AC12F85}"
EndProject
Project("{FAE04EC0-301F-11D3-BF4B-00C04F79EFBC}") = "Helpers", "Helpers\Helpers.csproj", "{11D294D9-19A7-486E-A788-6032EBF9E90B}"
EndProject
Project("{FAE04EC0-301F-11D3-BF4B-00C04F79EFBC}") = "Interfaces", "Interfaces\Interfaces.csproj", "{F0BCAD9F-72FB-40EC-A6F8-111C5E6C4493}"
EndProject
Project("{FAE04EC0-301F-11D3-BF4B-00C04F79EFBC}") = "DALConsoleTest", "DALConsoleTest\DALConsoleTest.csproj", "{287B8F21-2DAA-4948-AE4E-A93204752140}"
EndProject
Global
	GlobalSection(SolutionConfigurationPlatforms) = preSolution
		Debug|Any CPU = Debug|Any CPU
		Release|Any CPU = Release|Any CPU
	EndGlobalSection
	GlobalSection(ProjectConfigurationPlatforms) = postSolution
		{C1708AF9-68A2-447B-81E4-8706361172CE}.Debug|Any CPU.ActiveCfg = Debug|Any CPU
		{C1708AF9-68A2-447B-81E4-8706361172CE}.Debug|Any CPU.Build.0 = Debug|Any CPU
		{C1708AF9-68A2-447B-81E4-8706361172CE}.Release|Any CPU.ActiveCfg = Release|Any CPU
		{C1708AF9-68A2-447B-81E4-8706361172CE}.Release|Any CPU.Build.0 = Release|Any CPU
		{D99D1DDA-8208-4F98-AB36-95A913FC315A}.Debug|Any CPU.ActiveCfg = Debug|Any CPU
		{D99D1DDA-8208-4F98-AB36-95A913FC315A}.Debug|Any CPU.Build.0 = Debug|Any CPU
		{D99D1DDA-8208-4F98-AB36-95A913FC315A}.Release|Any CPU.ActiveCfg = Release|Any CPU
		{D99D1DDA-8208-4F98-AB36-95A913FC315A}.Release|Any CPU.Build.0 = Release|Any CPU
		{645B9A20-F7C5-49DE-AC0D-B70B6AC12F85}.Debug|Any CPU.ActiveCfg = Debug|Any CPU
		{645B9A20-F7C5-49DE-AC0D-B70B6AC12F85}.Debug|Any CPU.Build.0 = Debug|Any CPU
		{645B9A20-F7C5-49DE-AC0D-B70B6AC12F85}.Release|Any CPU.ActiveCfg = Release|Any CPU
		{645B9A20-F7C5-49DE-AC0D-B70B6AC12F85}.Release|Any CPU.Build.0 = Release|Any CPU
		{11D294D9-19A7-486E-A788-6032EBF9E90B}.Debug|Any CPU.ActiveCfg = Debug|Any CPU
		{11D294D9-19A7-486E-A788-6032EBF9E90B}.Debug|Any CPU.Build.0 = Debug|Any CPU
		{11D294D9-19A7-486E-A788-6032EBF9E90B}.Release|Any CPU.ActiveCfg = Release|Any CPU
		{11D294D9-19A7-486E-A788-6032EBF9E90B}.Release|Any CPU.Build.0 = Release|Any CPU
		{F0BCAD9F-72FB-40EC-A6F8-111C5E6C4493}.Debug|Any CPU.ActiveCfg = Debug|Any CPU
		{F0BCAD9F-72FB-40EC-A6F8-111C5E6C4493}.Debug|Any CPU.Build.0 = Debug|Any CPU
		{F0BCAD9F-72FB-40EC-A6F8-111C5E6C4493}.Release|Any CPU.ActiveCfg = Release|Any CPU
		{F0BCAD9F-72FB-40EC-A6F8-111C5E6C4493}.Release|Any CPU.Build.0 = Release|Any CPU
		{287B8F21-2DAA-4948-AE4E-A93204752140}.Debug|Any CPU.ActiveCfg = Debug|Any CPU
		{287B8F21-2DAA-4948-AE4E-A93204752140}.Debug|Any CPU.Build.0 = Debug|Any CPU
		{287B8F21-2DAA-4948-AE4E-A93204752140}.Release|Any CPU.ActiveCfg = Release|Any CPU
		{287B8F21-2DAA-4948-AE4E-A93204752140}.Release|Any CPU.Build.0 = Release|Any CPU
	EndGlobalSection
	GlobalSection(SolutionProperties) = preSolution
		HideSolutionNode = FALSE
	EndGlobalSection
EndGlobal
